{
  "object": {
    "pins": [
      {
        "package": "InputMask",
        "repositoryURL": "https://github.com/RedMadRobot/input-mask-ios",
        "state": {
          "branch": null,
          "revision": "f78e7c8fe6f0f2b6512b69006ec595aa1224592f",
          "version": "6.0.0"
        }
      },
      {
        "package": "Realm",
        "repositoryURL": "https://github.com/realm/realm-cocoa.git",
        "state": {
          "branch": null,
          "revision": "7e5c77fd7fbb30259e8e6e6a41f32289f72e0812",
          "version": "10.7.6"
        }
      },
      {
        "package": "RealmDatabase",
        "repositoryURL": "https://github.com/realm/realm-core",
        "state": {
          "branch": null,
          "revision": "018adb3469c2882904febca251778129ef4a9b70",
          "version": "10.7.2"
        }
      },
      {
        "package": "RouteComposer",
        "repositoryURL": "https://github.com/ekazaev/route-composer.git",
        "state": {
          "branch": null,
          "revision": "6737f2daea198443d2463d26e43906aa6f29154e",
          "version": "2.7.1"
        }
      },
      {
        "package": "SnapKit",
        "repositoryURL": "https://github.com/SnapKit/SnapKit.git",
        "state": {
          "branch": null,
          "revision": "d458564516e5676af9c70b4f4b2a9178294f1bc6",
          "version": "5.0.1"
        }
      }
    ]
  },
  "version": 1
}
